// !$*UTF8*$!
{
	archiveVersion = 1;
	classes = {
	};
	objectVersion = 50;
	objects = {

/* Begin PBXBuildFile section */
		130B6BE521A7CAD7002D4F14 /* AppDelegate.swift in Sources */ = {isa = PBXBuildFile; fileRef = 130B6BE421A7CAD7002D4F14 /* AppDelegate.swift */; };
		130B6BE721A7CAD7002D4F14 /* ViewController.swift in Sources */ = {isa = PBXBuildFile; fileRef = 130B6BE621A7CAD7002D4F14 /* ViewController.swift */; };
		130B6BEA21A7CAD7002D4F14 /* Main.storyboard in Resources */ = {isa = PBXBuildFile; fileRef = 130B6BE821A7CAD7002D4F14 /* Main.storyboard */; };
		130B6BEC21A7CADB002D4F14 /* Assets.xcassets in Resources */ = {isa = PBXBuildFile; fileRef = 130B6BEB21A7CADB002D4F14 /* Assets.xcassets */; };
		130B6BEF21A7CADB002D4F14 /* LaunchScreen.storyboard in Resources */ = {isa = PBXBuildFile; fileRef = 130B6BED21A7CADB002D4F14 /* LaunchScreen.storyboard */; };
/* End PBXBuildFile section */

/* Begin PBXFileReference section */
		130B6BE121A7CAD7002D4F14 /* Nick-Alarm.app */ = {isa = PBXFileReference; explicitFileType = wrapper.application; includeInIndex = 0; path = "Nick-Alarm.app"; sourceTree = BUILT_PRODUCTS_DIR; };
		130B6BE421A7CAD7002D4F14 /* AppDelegate.swift */ = {isa = PBXFileReference; lastKnownFileType = sourcecode.swift; path = AppDelegate.swift; sourceTree = "<group>"; };
		130B6BE621A7CAD7002D4F14 /* ViewController.swift */ = {isa = PBXFileReference; lastKnownFileType = sourcecode.swift; path = ViewController.swift; sourceTree = "<group>"; };
		130B6BE921A7CAD7002D4F14 /* Base */ = {isa = PBXFileReference; lastKnownFileType = file.storyboard; name = Base; path = Base.lproj/Main.storyboard; sourceTree = "<group>"; };
		130B6BEB21A7CADB002D4F14 /* Assets.xcassets */ = {isa = PBXFileReference; lastKnownFileType = folder.assetcatalog; path = Assets.xcassets; sourceTree = "<group>"; };
		130B6BEE21A7CADB002D4F14 /* Base */ = {isa = PBXFileReference; lastKnownFileType = file.storyboard; name = Base; path = Base.lproj/LaunchScreen.storyboard; sourceTree = "<group>"; };
		130B6BF021A7CADB002D4F14 /* Info.plist */ = {isa = PBXFileReference; lastKnownFileType = text.plist.xml; path = Info.plist; sourceTree = "<group>"; };
/* End PBXFileReference section */

/* Begin PBXFrameworksBuildPhase section */
		130B6BDE21A7CAD7002D4F14 /* Frameworks */ = {
			isa = PBXFrameworksBuildPhase;
			buildActionMask = 2147483647;
			files = (
			);
			runOnlyForDeploymentPostprocessing = 0;
		};
/* End PBXFrameworksBuildPhase section */

/* Begin PBXGroup section */
		130B6BD821A7CAD7002D4F14 = {
			isa = PBXGroup;
			children = (
				130B6BE321A7CAD7002D4F14 /* Nick-Alarm */,
				130B6BE221A7CAD7002D4F14 /* Products */,
			);
			sourceTree = "<group>";
		};
		130B6BE221A7CAD7002D4F14 /* Products */ = {
			isa = PBXGroup;
			children = (
				130B6BE121A7CAD7002D4F14 /* Nick-Alarm.app */,
			);
			name = Products;
			sourceTree = "<group>";
		};
		130B6BE321A7CAD7002D4F14 /* Nick-Alarm */ = {
			isa = PBXGroup;
			children = (
				130B6BE421A7CAD7002D4F14 /* AppDelegate.swift */,
				130B6BE621A7CAD7002D4F14 /* ViewController.swift */,
				130B6BE821A7CAD7002D4F14 /* Main.storyboard */,
				130B6BEB21A7CADB002D4F14 /* Assets.xcassets */,
				130B6BED21A7CADB002D4F14 /* LaunchScreen.storyboard */,
				130B6BF021A7CADB002D4F14 /* Info.plist */,
			);
			path = "Nick-Alarm";
			sourceTree = "<group>";
		};
/* End PBXGroup section */

/* Begin PBXNativeTarget section */
		130B6BE021A7CAD7002D4F14 /* Nick-Alarm */ = {
			isa = PBXNativeTarget;
			buildConfigurationList = 130B6BF321A7CADB002D4F14 /* Build configuration list for PBXNativeTarget "Nick-Alarm" */;
			buildPhases = (
				130B6BDD21A7CAD7002D4F14 /* Sources */,
				130B6BDE21A7CAD7002D4F14 /* Frameworks */,
				130B6BDF21A7CAD7002D4F14 /* Resources */,
			);
			buildRules = (
			);
			dependencies = (
			);
			name = "Nick-Alarm";
			productName = "Nick-Alarm";
			productReference = 130B6BE121A7CAD7002D4F14 /* Nick-Alarm.app */;
			productType = "com.apple.product-type.application";
		};
/* End PBXNativeTarget section */

/* Begin PBXProject section */
		130B6BD921A7CAD7002D4F14 /* Project object */ = {
			isa = PBXProject;
			attributes = {
				LastSwiftUpdateCheck = 1010;
				LastUpgradeCheck = 1010;
				ORGANIZATIONNAME = "Nick Wang";
				TargetAttributes = {
					130B6BE021A7CAD7002D4F14 = {
						CreatedOnToolsVersion = 10.1;
					};
				};
			};
			buildConfigurationList = 130B6BDC21A7CAD7002D4F14 /* Build configuration list for PBXProject "Nick-Alarm" */;
			compatibilityVersion = "Xcode 9.3";
			developmentRegion = en;
			hasScannedForEncodings = 0;
			knownRegions = (
				en,
				Base,
			);
			mainGroup = 130B6BD821A7CAD7002D4F14;
			productRefGroup = 130B6BE221A7CAD7002D4F14 /* Products */;
			projectDirPath = "";
			projectRoot = "";
			targets = (
				130B6BE021A7CAD7002D4F14 /* Nick-Alarm */,
			);
		};
/* End PBXProject section */

/* Begin PBXResourcesBuildPhase section */
		130B6BDF21A7CAD7002D4F14 /* Resources */ = {
			isa = PBXResourcesBuildPhase;
			buildActionMask = 2147483647;
			files = (
				130B6BEF21A7CADB002D4F14 /* LaunchScreen.storyboard in Resources */,
				130B6BEC21A7CADB002D4F14 /* Assets.xcassets in Resources */,
				130B6BEA21A7CAD7002D4F14 /* Main.storyboard in Resources */,
			);
			runOnlyForDeploymentPostprocessing = 0;
		};
/* End PBXResourcesBuildPhase section */

/* Begin PBXSourcesBuildPhase section */
		130B6BDD21A7CAD7002D4F14 /* Sources */ = {
			isa = PBXSourcesBuildPhase;
			buildActionMask = 2147483647;
			files = (
				130B6BE721A7CAD7002D4F14 /* ViewController.swift in Sources */,
				130B6BE521A7CAD7002D4F14 /* AppDelegate.swift in Sources */,
			);
			runOnlyForDeploymentPostprocessing = 0;
		};
/* End PBXSourcesBuildPhase section */

/* Begin PBXVariantGroup section */
		130B6BE821A7CAD7002D4F14 /* Main.storyboard */ = {
			isa = PBXVariantGroup;
			children = (
				130B6BE921A7CAD7002D4F14 /* Base */,
			);
			name = Main.storyboard;
			sourceTree = "<group>";
		};
		130B6BED21A7CADB002D4F14 /* LaunchScreen.storyboard */ = {
			isa = PBXVariantGroup;
			children = (
				130B6BEE21A7CADB002D4F14 /* Base */,
			);
			name = LaunchScreen.storyboard;
			sourceTree = "<group>";
		};
/* End PBXVariantGroup section */

/* Begin XCBuildConfiguration section */
		130B6BF121A7CADB002D4F14 /* Debug */ = {
			isa = XCBuildConfiguration;
			buildSettings = {
				ALWAYS_SEARCH_USER_PATHS = NO;
				CLANG_ANALYZER_NONNULL = YES;
				CLANG_ANALYZER_NUMBER_OBJECT_CONVERSION = YES_AGGRESSIVE;
				CLANG_CXX_LANGUAGE_STANDARD = "gnu++14";
				CLANG_CXX_LIBRARY = "libc++";
				CLANG_ENABLE_MODULES = YES;
				CLANG_ENABLE_OBJC_ARC = YES;
				CLANG_ENABLE_OBJC_WEAK = YES;
				CLANG_WARN_BLOCK_CAPTURE_AUTORELEASING = YES;
				CLANG_WARN_BOOL_CONVERSION = YES;
				CLANG_WARN_COMMA = YES;
				CLANG_WARN_CONSTANT_CONVERSION = YES;
				CLANG_WARN_DEPRECATED_OBJC_IMPLEMENTATIONS = YES;
				CLANG_WARN_DIRECT_OBJC_ISA_USAGE = YES_ERROR;
				CLANG_WARN_DOCUMENTATION_COMMENTS = YES;
				CLANG_WARN_EMPTY_BODY = YES;
				CLANG_WARN_ENUM_CONVERSION = YES;
				CLANG_WARN_INFINITE_RECURSION = YES;
				CLANG_WARN_INT_CONVERSION = YES;
				CLANG_WARN_NON_LITERAL_NULL_CONVERSION = YES;
				CLANG_WARN_OBJC_IMPLICIT_RETAIN_SELF = YES;
				CLANG_WARN_OBJC_LITERAL_CONVERSION = YES;
				CLANG_WARN_OBJC_ROOT_CLASS = YES_ERROR;
				CLANG_WARN_RANGE_LOOP_ANALYSIS = YES;
				CLANG_WARN_STRICT_PROTOTYPES = YES;
				CLANG_WARN_SUSPICIOUS_MOVE = YES;
				CLANG_WARN_UNGUARDED_AVAILABILITY = YES_AGGRESSIVE;
				CLANG_WARN_UNREACHABLE_CODE = YES;
				CLANG_WARN__DUPLICATE_METHOD_MATCH = YES;
				CODE_SIGN_IDENTITY = "iPhone Developer";
				COPY_PHASE_STRIP = NO;
				DEBUG_INFORMATION_FORMAT = dwarf;
				ENABLE_STRICT_OBJC_MSGSEND = YES;
				ENABLE_TESTABILITY = YES;
				GCC_C_LANGUAGE_STANDARD = gnu11;
				GCC_DYNAMIC_NO_PIC = NO;
				GCC_NO_COMMON_BLOCKS = YES;
				GCC_OPTIMIZATION_LEVEL = 0;
				GCC_PREPROCESSOR_DEFINITIONS = (
					"DEBUG=1",
					"$(inherited)",
				);
				GCC_WARN_64_TO_32_BIT_CONVERSION = YES;
				GCC_WARN_ABOUT_RETURN_TYPE = YES_ERROR;
				GCC_WARN_UNDECLARED_SELECTOR = YES;
				GCC_WARN_UNINITIALIZED_AUTOS = YES_AGGRESSIVE;
				GCC_WARN_UNUSED_FUNCTION = YES;
				GCC_WARN_UNUSED_VARIABLE = YES;
				IPHONEOS_DEPLOYMENT_TARGET = 12.1;
				MTL_ENABLE_DEBUG_INFO = INCLUDE_SOURCE;
				MTL_FAST_MATH = YES;
				ONLY_ACTIVE_ARCH = YES;
				SDKROOT = iphoneos;
				SWIFT_ACTIVE_COMPILATION_CONDITIONS = DEBUG;
				SWIFT_OPTIMIZATION_LEVEL = "-Onone";
			};
			name = Debug;
		};
		130B6BF221A7CADB002D4F14 /* Release */ = {
			isa = XCBuildConfiguration;
			buildSettings = {
				ALWAYS_SEARCH_USER_PATHS = NO;
				CLANG_ANALYZER_NONNULL = YES;
				CLANG_ANALYZER_NUMBER_OBJECT_CONVERSION = YES_AGGRESSIVE;
				CLANG_CXX_LANGUAGE_STANDARD = "gnu++14";
				CLANG_CXX_LIBRARY = "libc++";
				CLANG_ENABLE_MODULES = YES;
				CLANG_ENABLE_OBJC_ARC = YES;
				CLANG_ENABLE_OBJC_WEAK = YES;
				CLANG_WARN_BLOCK_CAPTURE_AUTORELEASING = YES;
				CLANG_WARN_BOOL_CONVERSION = YES;
				CLANG_WARN_COMMA = YES;
				CLANG_WARN_CONSTANT_CONVERSION = YES;
				CLANG_WARN_DEPRECATED_OBJC_IMPLEMENTATIONS = YES;
				CLANG_WARN_DIRECT_OBJC_ISA_USAGE = YES_ERROR;
				CLANG_WARN_DOCUMENTATION_COMMENTS = YES;
				CLANG_WARN_EMPTY_BODY = YES;
				CLANG_WARN_ENUM_CONVERSION = YES;
				CLANG_WARN_INFINITE_RECURSION = YES;
				CLANG_WARN_INT_CONVERSION = YES;
				CLANG_WARN_NON_LITERAL_NULL_CONVERSION = YES;
				CLANG_WARN_OBJC_IMPLICIT_RETAIN_SELF = YES;
				CLANG_WARN_OBJC_LITERAL_CONVERSION = YES;
				CLANG_WARN_OBJC_ROOT_CLASS = YES_ERROR;
				CLANG_WARN_RANGE_LOOP_ANALYSIS = YES;
				CLANG_WARN_STRICT_PROTOTYPES = YES;
				CLANG_WARN_SUSPICIOUS_MOVE = YES;
				CLANG_WARN_UNGUARDED_AVAILABILITY = YES_AGGRESSIVE;
				CLANG_WARN_UNREACHABLE_CODE = YES;
				CLANG_WARN__DUPLICATE_METHOD_MATCH = YES;
				CODE_SIGN_IDENTITY = "iPhone Developer";
				COPY_PHASE_STRIP = NO;
				DEBUG_INFORMATION_FORMAT = "dwarf-with-dsym";
				ENABLE_NS_ASSERTIONS = NO;
				ENABLE_STRICT_OBJC_MSGSEND = YES;
				GCC_C_LANGUAGE_STANDARD = gnu11;
				GCC_NO_COMMON_BLOCKS = YES;
				GCC_WARN_64_TO_32_BIT_CONVERSION = YES;
				GCC_WARN_ABOUT_RETURN_TYPE = YES_ERROR;
				GCC_WARN_UNDECLARED_SELECTOR = YES;
				GCC_WARN_UNINITIALIZED_AUTOS = YES_AGGRESSIVE;
				GCC_WARN_UNUSED_FUNCTION = YES;
				GCC_WARN_UNUSED_VARIABLE = YES;
				IPHONEOS_DEPLOYMENT_TARGET = 12.1;
				MTL_ENABLE_DEBUG_INFO = NO;
				MTL_FAST_MATH = YES;
				SDKROOT = iphoneos;
				SWIFT_COMPILATION_MODE = wholemodule;
				SWIFT_OPTIMIZATION_LEVEL = "-O";
				VALIDATE_PRODUCT = YES;
			};
			name = Release;
		};
		130B6BF421A7CADB002D4F14 /* Debug */ = {
			isa = XCBuildConfiguration;
			buildSettings = {
				ASSETCATALOG_COMPILER_APPICON_NAME = AppIcon;
				CODE_SIGN_STYLE = Automatic;
				DEVELOPMENT_TEAM = 3G6QJKCKPD;
				INFOPLIST_FILE = "Nick-Alarm/Info.plist";
				LD_RUNPATH_SEARCH_PATHS = (
					"$(inherited)",
					"@executable_path/Frameworks",
				);
				PRODUCT_BUNDLE_IDENTIFIER = "WangCorps.Nick-Alarm";
				PRODUCT_NAME = "$(TARGET_NAME)";
				SWIFT_VERSION = 4.2;
				TARGETED_DEVICE_FAMILY = "1,2";
			};
			name = Debug;
		};
		130B6BF521A7CADB002D4F14 /* Release */ = {
			isa = XCBuildConfiguration;
			buildSettings = {
				ASSETCATALOG_COMPILER_APPICON_NAME = AppIcon;
				CODE_SIGN_STYLE = Automatic;
				DEVELOPMENT_TEAM = 3G6QJKCKPD;
				INFOPLIST_FILE = "Nick-Alarm/Info.plist";
				LD_RUNPATH_SEARCH_PATHS = (
					"$(inherited)",
					"@executable_path/Frameworks",
				);
				PRODUCT_BUNDLE_IDENTIFIER = "WangCorps.Nick-Alarm";
				PRODUCT_NAME = "$(TARGET_NAME)";
				SWIFT_VERSION = 4.2;
				TARGETED_DEVICE_FAMILY = "1,2";
			};
			name = Release;
		};
/* End XCBuildConfiguration section */

/* Begin XCConfigurationList section */
		130B6BDC21A7CAD7002D4F14 /* Build configuration list for PBXProject "Nick-Alarm" */ = {
			isa = XCConfigurationList;
			buildConfigurations = (
				130B6BF121A7CADB002D4F14 /* Debug */,
				130B6BF221A7CADB002D4F14 /* Release */,
			);
			defaultConfigurationIsVisible = 0;
			defaultConfigurationName = Release;
		};
		130B6BF321A7CADB002D4F14 /* Build configuration list for PBXNativeTarget "Nick-Alarm" */ = {
			isa = XCConfigurationList;
			buildConfigurations = (
				130B6BF421A7CADB002D4F14 /* Debug */,
				130B6BF521A7CADB002D4F14 /* Release */,
			);
			defaultConfigurationIsVisible = 0;
			defaultConfigurationName = Release;
		};
/* End XCConfigurationList section */
	};
	rootObject = 130B6BD921A7CAD7002D4F14 /* Project object */;
}
